<?xml version="1.0" encoding="utf-8"?>
<Project ToolsVersion="4.0" xmlns="http://schemas.microsoft.com/developer/msbuild/2003">
  <ItemGroup>
    <Filter Include="Исходные файлы">
      <UniqueIdentifier>{4FC737F1-C7A5-4376-A066-2A32D752A2FF}</UniqueIdentifier>
      <Extensions>cpp;c;cc;cxx;c++;cppm;ixx;def;odl;idl;hpj;bat;asm;asmx</Extensions>
    </Filter>
    <Filter Include="Файлы заголовков">
      <UniqueIdentifier>{93995380-89BD-4b04-88EB-625FBE52EBFB}</UniqueIdentifier>
      <Extensions>h;hh;hpp;hxx;h++;hm;inl;inc;ipp;xsd</Extensions>
    </Filter>
    <Filter Include="Файлы ресурсов">
      <UniqueIdentifier>{67DA6AB6-F800-4c08-8B7A-83BB121AAD01}</UniqueIdentifier>
      <Extensions>rc;ico;cur;bmp;dlg;rc2;rct;bin;rgs;gif;jpg;jpeg;jpe;resx;tiff;tif;png;wav;mfcribbon-ms</Extensions>
    </Filter>
    <Filter Include="Исходные файлы\barrel">
      <UniqueIdentifier>{e4a62514-9094-4003-b219-f553923743a3}</UniqueIdentifier>
    </Filter>
    <Filter Include="Исходные файлы\rect">
      <UniqueIdentifier>{0ce00121-06ba-4033-b285-5b63f9e0d6db}</UniqueIdentifier>
    </Filter>
    <Filter Include="Исходные файлы\matrix">
      <UniqueIdentifier>{c0420144-97d1-4d68-a6b0-98204e6395c9}</UniqueIdentifier>
    </Filter>
    <Filter Include="Исходные файлы\text_wrapper">
      <UniqueIdentifier>{23851e9e-3a35-43cf-b4b1-9d1fd7435d7f}</UniqueIdentifier>
    </Filter>
    <Filter Include="Исходные файлы\my_string">
      <UniqueIdentifier>{aa745c30-e628-4d33-b66b-75f3a3abc3cf}</UniqueIdentifier>
    </Filter>
  </ItemGroup>
  <ItemGroup>
    <ClCompile Include="src\main.cpp">
      <Filter>Исходные файлы</Filter>
    </ClCompile>
    <ClCompile Include="src\barrel\barrel.cpp">
      <Filter>Исходные файлы\barrel</Filter>
    </ClCompile>
    <ClCompile Include="src\matrix\matrix.cpp">
      <Filter>Исходные файлы\matrix</Filter>
    </ClCompile>
    <ClCompile Include="src\my_string\my_string.cpp">
      <Filter>Исходные файлы\my_string</Filter>
    </ClCompile>
    <ClCompile Include="src\rect\rect.cpp">
      <Filter>Исходные файлы\rect</Filter>
    </ClCompile>
    <ClCompile Include="src\text_wrapper\text_wrapper.cpp">
      <Filter>Исходные файлы\text_wrapper</Filter>
    </ClCompile>
  </ItemGroup>
  <ItemGroup>
    <ClInclude Include="src\barrel\barrel.h">
      <Filter>Исходные файлы\barrel</Filter>
    </ClInclude>
    <ClInclude Include="src\matrix\matrix.h">
      <Filter>Исходные файлы\matrix</Filter>
    </ClInclude>
    <ClInclude Include="src\my_string\my_string.h">
      <Filter>Исходные файлы\my_string</Filter>
    </ClInclude>
    <ClInclude Include="src\rect\rect.h">
      <Filter>Исходные файлы\rect</Filter>
    </ClInclude>
    <ClInclude Include="src\text_wrapper\text_wrapper.h">
      <Filter>Исходные файлы\text_wrapper</Filter>
    </ClInclude>
  </ItemGroup>
</Project>