<?xml version="1.0" encoding="utf-8"?>
<Project ToolsVersion="4.0" xmlns="http://schemas.microsoft.com/developer/msbuild/2003">
  <ItemGroup>
    <Filter Include="Исходные файлы">
      <UniqueIdentifier>{4FC737F1-C7A5-4376-A066-2A32D752A2FF}</UniqueIdentifier>
      <Extensions>cpp;c;cc;cxx;c++;cppm;ixx;def;odl;idl;hpj;bat;asm;asmx</Extensions>
    </Filter>
    <Filter Include="Файлы заголовков">
      <UniqueIdentifier>{93995380-89BD-4b04-88EB-625FBE52EBFB}</UniqueIdentifier>
      <Extensions>h;hh;hpp;hxx;h++;hm;inl;inc;ipp;xsd</Extensions>
    </Filter>
    <Filter Include="Файлы ресурсов">
      <UniqueIdentifier>{67DA6AB6-F800-4c08-8B7A-83BB121AAD01}</UniqueIdentifier>
      <Extensions>rc;ico;cur;bmp;dlg;rc2;rct;bin;rgs;gif;jpg;jpeg;jpe;resx;tiff;tif;png;wav;mfcribbon-ms</Extensions>
    </Filter>
    <Filter Include="Исходные файлы\my_string">
      <UniqueIdentifier>{4bcd1c08-df4e-4333-b292-a790e00adba9}</UniqueIdentifier>
    </Filter>
    <Filter Include="Исходные файлы\base_file">
      <UniqueIdentifier>{35eed2cd-3cb6-4535-bfe1-9390994f3b87}</UniqueIdentifier>
    </Filter>
    <Filter Include="Исходные файлы\base_file\base32_file">
      <UniqueIdentifier>{949fb7de-61b7-4389-9c0e-599ffdb0daa0}</UniqueIdentifier>
    </Filter>
    <Filter Include="Исходные файлы\base_file\rle_file">
      <UniqueIdentifier>{68f813c2-72f2-42f7-9ab6-34d436f66ded}</UniqueIdentifier>
    </Filter>
    <Filter Include="Исходные файлы\base_file\i_file">
      <UniqueIdentifier>{c16aa78c-ba80-434a-ad78-579579fa3d50}</UniqueIdentifier>
    </Filter>
  </ItemGroup>
  <ItemGroup>
    <ClCompile Include="src\lab2.cpp">
      <Filter>Исходные файлы</Filter>
    </ClCompile>
    <ClCompile Include="src\my_string\my_string.cpp">
      <Filter>Исходные файлы\my_string</Filter>
    </ClCompile>
    <ClCompile Include="src\base_file\base_file.cpp">
      <Filter>Исходные файлы\base_file</Filter>
    </ClCompile>
    <ClCompile Include="src\base_file\base32_file\base32_file.cpp">
      <Filter>Исходные файлы\base_file\base32_file</Filter>
    </ClCompile>
    <ClCompile Include="src\base_file\rle_file\rle_file.cpp">
      <Filter>Исходные файлы\base_file\rle_file</Filter>
    </ClCompile>
    <ClCompile Include="src\base_file\i_file\i_file.cpp">
      <Filter>Исходные файлы\base_file\i_file</Filter>
    </ClCompile>
  </ItemGroup>
  <ItemGroup>
    <ClInclude Include="src\my_string\my_string.h">
      <Filter>Исходные файлы\my_string</Filter>
    </ClInclude>
    <ClInclude Include="src\base_file\base_file.h">
      <Filter>Исходные файлы\base_file</Filter>
    </ClInclude>
    <ClInclude Include="src\lab2.h">
      <Filter>Исходные файлы</Filter>
    </ClInclude>
    <ClInclude Include="src\base_file\base32_file\base32_file.h">
      <Filter>Исходные файлы\base_file\base32_file</Filter>
    </ClInclude>
    <ClInclude Include="src\base_file\rle_file\rle_file.h">
      <Filter>Исходные файлы\base_file\rle_file</Filter>
    </ClInclude>
    <ClInclude Include="src\base_file\i_file\i_file.h">
      <Filter>Исходные файлы\base_file\i_file</Filter>
    </ClInclude>
  </ItemGroup>
</Project>