<?xml version="1.0" encoding="utf-8"?>
<Project ToolsVersion="4.0" xmlns="http://schemas.microsoft.com/developer/msbuild/2003">
  <ItemGroup>
    <Filter Include="Исходные файлы">
      <UniqueIdentifier>{4FC737F1-C7A5-4376-A066-2A32D752A2FF}</UniqueIdentifier>
      <Extensions>cpp;c;cc;cxx;c++;cppm;ixx;def;odl;idl;hpj;bat;asm;asmx</Extensions>
    </Filter>
    <Filter Include="Файлы заголовков">
      <UniqueIdentifier>{93995380-89BD-4b04-88EB-625FBE52EBFB}</UniqueIdentifier>
      <Extensions>h;hh;hpp;hxx;h++;hm;inl;inc;ipp;xsd</Extensions>
    </Filter>
    <Filter Include="Файлы ресурсов">
      <UniqueIdentifier>{67DA6AB6-F800-4c08-8B7A-83BB121AAD01}</UniqueIdentifier>
      <Extensions>rc;ico;cur;bmp;dlg;rc2;rct;bin;rgs;gif;jpg;jpeg;jpe;resx;tiff;tif;png;wav;mfcribbon-ms</Extensions>
    </Filter>
    <Filter Include="Исходные файлы\matrix">
      <UniqueIdentifier>{81be49b1-88d1-4213-ac45-415355304c27}</UniqueIdentifier>
    </Filter>
    <Filter Include="Исходные файлы\my_string">
      <UniqueIdentifier>{0dc23b99-6a9f-47c0-a388-d8b24a831cff}</UniqueIdentifier>
    </Filter>
    <Filter Include="Исходные файлы\short_array">
      <UniqueIdentifier>{a8bfcc34-ad24-4041-8ca6-095ae66d36d1}</UniqueIdentifier>
    </Filter>
    <Filter Include="Исходные файлы\worker_db">
      <UniqueIdentifier>{ab6a6308-d916-4199-86b5-6fe4fb2a9a7f}</UniqueIdentifier>
    </Filter>
    <Filter Include="Исходные файлы\base_file">
      <UniqueIdentifier>{31764915-89b5-4abc-8dd3-1022e0854623}</UniqueIdentifier>
    </Filter>
    <Filter Include="Исходные файлы\base_file\i_file">
      <UniqueIdentifier>{29c5086f-5d64-4ded-bd37-7242e94fe15b}</UniqueIdentifier>
    </Filter>
    <Filter Include="Исходные файлы\bool_array">
      <UniqueIdentifier>{66396d1f-3ca8-40f1-b350-001718dda960}</UniqueIdentifier>
    </Filter>
  </ItemGroup>
  <ItemGroup>
    <ClCompile Include="src\lab3.cpp">
      <Filter>Исходные файлы</Filter>
    </ClCompile>
    <ClCompile Include="src\my_string\my_string.cpp">
      <Filter>Исходные файлы\my_string</Filter>
    </ClCompile>
    <ClCompile Include="src\matrix\matrix.cpp">
      <Filter>Исходные файлы\matrix</Filter>
    </ClCompile>
    <ClCompile Include="src\short_array\short_array.cpp">
      <Filter>Исходные файлы\short_array</Filter>
    </ClCompile>
    <ClCompile Include="src\worker_db\worker_db.cpp">
      <Filter>Исходные файлы\worker_db</Filter>
    </ClCompile>
    <ClCompile Include="src\base_file\base_file.cpp">
      <Filter>Исходные файлы\base_file</Filter>
    </ClCompile>
    <ClCompile Include="src\base_file\i_file\i_file.cpp">
      <Filter>Исходные файлы\base_file\i_file</Filter>
    </ClCompile>
    <ClCompile Include="src\bool_array\bool_array.cpp">
      <Filter>Исходные файлы\bool_array</Filter>
    </ClCompile>
  </ItemGroup>
  <ItemGroup>
    <ClInclude Include="src\my_string\my_string.h">
      <Filter>Исходные файлы\my_string</Filter>
    </ClInclude>
    <ClInclude Include="src\matrix\matrix.h">
      <Filter>Исходные файлы\matrix</Filter>
    </ClInclude>
    <ClInclude Include="src\short_array\short_array.h">
      <Filter>Исходные файлы\short_array</Filter>
    </ClInclude>
    <ClInclude Include="src\worker_db\worker_db.h">
      <Filter>Исходные файлы\worker_db</Filter>
    </ClInclude>
    <ClInclude Include="src\base_file\base_file.h">
      <Filter>Исходные файлы\base_file</Filter>
    </ClInclude>
    <ClInclude Include="src\base_file\i_file\i_file.h">
      <Filter>Исходные файлы\base_file\i_file</Filter>
    </ClInclude>
    <ClInclude Include="src\bool_array\bool_array.h">
      <Filter>Исходные файлы\bool_array</Filter>
    </ClInclude>
  </ItemGroup>
</Project>